
Microsoft Visual Studio Solution File, Format Version 12.00
# Visual Studio Version 17
VisualStudioVersion = 17.4.33110.190
MinimumVisualStudioVersion = 10.0.40219.1
Project("{FAE04EC0-301F-11D3-BF4B-00C04F79EFBC}") = "LaMiaPizzeriaModel", "LaMiaPizzeriaModel\LaMiaPizzeriaModel.csproj", "{E6428189-6B7F-44B0-9D04-BCB5D92356B9}"
EndProject
Global
	GlobalSection(SolutionConfigurationPlatforms) = preSolution
		Debug|Any CPU = Debug|Any CPU
		Release|Any CPU = Release|Any CPU
	EndGlobalSection
	GlobalSection(ProjectConfigurationPlatforms) = postSolution
		{E6428189-6B7F-44B0-9D04-BCB5D92356B9}.Debug|Any CPU.ActiveCfg = Debug|Any CPU
		{E6428189-6B7F-44B0-9D04-BCB5D92356B9}.Debug|Any CPU.Build.0 = Debug|Any CPU
		{E6428189-6B7F-44B0-9D04-BCB5D92356B9}.Release|Any CPU.ActiveCfg = Release|Any CPU
		{E6428189-6B7F-44B0-9D04-BCB5D92356B9}.Release|Any CPU.Build.0 = Release|Any CPU
	EndGlobalSection
	GlobalSection(SolutionProperties) = preSolution
		HideSolutionNode = FALSE
	EndGlobalSection
	GlobalSection(ExtensibilityGlobals) = postSolution
		SolutionGuid = {3B310C7C-E3F0-4E1A-8C5E-78A3ED452D36}
	EndGlobalSection
EndGlobal
